{"1.1.0",
[{<<"bucs">>,
  {git,"https://gitlab.com/glejeune/bucs.git",
       {ref,"f72b4e50da2063dfe7a8c8b04a72d0b7e50ac7cd"}},
  0},
 {<<"certifi">>,{pkg,<<"certifi">>,<<"2.5.1">>},1},
 {<<"color">>,{pkg,<<"erlang_color">>,<<"1.0.0">>},0},
 {<<"doteki">>,
  {git,"https://gitlab.com/glejeune/doteki.git",
       {ref,"3a0675b14fc663ca59a256aa78ba80c624f344a1"}},
  0},
 {<<"ephemeral">>,{pkg,<<"ephemeral">>,<<"2.0.4">>},0},
 {<<"erlconf">>,
  {git,"https://gitlab.com/glejeune/erlconf.git",
       {ref,"fb636c482660d098cf351e25dd240b282af8291a"}},
  0},
 {<<"erlydtl">>,
  {git,"https://github.com/erlydtl/erlydtl.git",
       {ref,"6486b1eea481965f1324e45bf31a04de453205d9"}},
  0},
 {<<"getopt">>,{pkg,<<"getopt">>,<<"1.0.1">>},0},
 {<<"hackney">>,{pkg,<<"hackney">>,<<"1.15.1">>},0},
 {<<"idna">>,{pkg,<<"idna">>,<<"6.0.0">>},1},
 {<<"jsx">>,{pkg,<<"jsx">>,<<"2.9.0">>},0},
 {<<"metrics">>,{pkg,<<"metrics">>,<<"1.0.1">>},1},
 {<<"mimerl">>,{pkg,<<"mimerl">>,<<"1.2.0">>},1},
 {<<"parse_trans">>,{pkg,<<"parse_trans">>,<<"3.3.0">>},2},
 {<<"ssl_verify_fun">>,{pkg,<<"ssl_verify_fun">>,<<"1.1.4">>},1},
 {<<"unicode_util_compat">>,{pkg,<<"unicode_util_compat">>,<<"0.4.1">>},2},
 {<<"vsn">>,{pkg,<<"vsn">>,<<"1.1.0">>},0}]}.
[
{pkg_hash,[
 {<<"certifi">>, <<"867CE347F7C7D78563450A18A6A28A8090331E77FA02380B4A21962A65D36EE5">>},
 {<<"color">>, <<"145FE1D2E65C4516E4F03FEFCA6C2F47EBAD5899D978D70382A5CFE643E4AC9E">>},
 {<<"ephemeral">>, <<"B3E57886ADD5D90C82FE3880F5954978222A122CB8BAA123667401BBAAEC51D6">>},
 {<<"getopt">>, <<"C73A9FA687B217F2FF79F68A3B637711BB1936E712B521D8CE466B29CBF7808A">>},
 {<<"hackney">>, <<"9F8F471C844B8CE395F7B6D8398139E26DDCA9EBC171A8B91342EE15A19963F4">>},
 {<<"idna">>, <<"689C46CBCDF3524C44D5F3DDE8001F364CD7608A99556D8FBD8239A5798D4C10">>},
 {<<"jsx">>, <<"D2F6E5F069C00266CAD52FB15D87C428579EA4D7D73A33669E12679E203329DD">>},
 {<<"metrics">>, <<"25F094DEA2CDA98213CECC3AEFF09E940299D950904393B2A29D191C346A8486">>},
 {<<"mimerl">>, <<"67E2D3F571088D5CFD3E550C383094B47159F3EEE8FFA08E64106CDF5E981BE3">>},
 {<<"parse_trans">>, <<"09765507A3C7590A784615CFD421D101AEC25098D50B89D7AA1D66646BC571C1">>},
 {<<"ssl_verify_fun">>, <<"F0EAFFF810D2041E93F915EF59899C923F4568F4585904D010387ED74988E77B">>},
 {<<"unicode_util_compat">>, <<"D869E4C68901DD9531385BB0C8C40444EBF624E60B6962D95952775CAC5E90CD">>},
 {<<"vsn">>, <<"AA6DD9BF4B643400C11E9BB7348A1E7CB722733B41EF07EE8B919A77B44971BB">>}]}
].
