{"1.1.0",
[{<<"bucs">>,
  {git,"https://github.com/G-Corp/bucs.git",
       {ref,"7b64f87f92dca0e6cb6eafc5535cfbf1fa0bdbd9"}},
  0},
 {<<"certifi">>,{pkg,<<"certifi">>,<<"2.0.0">>},1},
 {<<"color">>,{pkg,<<"erlang_color">>,<<"1.0.0">>},0},
 {<<"doteki">>,
  {git,"https://github.com/G-Corp/doteki.git",
       {ref,"6d7ae3aaf9bd92cec9ce9bde2abb547093b49146"}},
  0},
 {<<"ephemeral">>,{pkg,<<"ephemeral">>,<<"2.0.4">>},0},
 {<<"erlconf">>,
  {git,"https://github.com/G-Corp/erlconf.git",
       {ref,"fb636c482660d098cf351e25dd240b282af8291a"}},
  0},
 {<<"erlydtl">>,
  {git,"https://github.com/erlydtl/erlydtl.git",
       {ref,"032746b8068f367eb63923cb6f8b2095065015b9"}},
  0},
 {<<"getopt">>,{pkg,<<"getopt">>,<<"0.8.2">>},0},
 {<<"hackney">>,{pkg,<<"hackney">>,<<"1.10.1">>},0},
 {<<"idna">>,{pkg,<<"idna">>,<<"5.1.0">>},1},
 {<<"jsx">>,{pkg,<<"jsx">>,<<"2.8.3">>},0},
 {<<"metrics">>,{pkg,<<"metrics">>,<<"1.0.1">>},1},
 {<<"mimerl">>,{pkg,<<"mimerl">>,<<"1.0.2">>},1},
 {<<"ssl_verify_fun">>,{pkg,<<"ssl_verify_fun">>,<<"1.1.1">>},1},
 {<<"unicode_util_compat">>,{pkg,<<"unicode_util_compat">>,<<"0.3.1">>},2},
 {<<"vsn">>,{pkg,<<"vsn">>,<<"1.1.0">>},0}]}.
[
{pkg_hash,[
 {<<"certifi">>, <<"A0C0E475107135F76B8C1D5BC7EFB33CD3815CB3CF3DEA7AEFDD174DABEAD064">>},
 {<<"color">>, <<"145FE1D2E65C4516E4F03FEFCA6C2F47EBAD5899D978D70382A5CFE643E4AC9E">>},
 {<<"ephemeral">>, <<"B3E57886ADD5D90C82FE3880F5954978222A122CB8BAA123667401BBAAEC51D6">>},
 {<<"getopt">>, <<"B17556DB683000BA50370B16C0619DF1337E7AF7ECBF7D64FBF8D1D6BCE3109B">>},
 {<<"hackney">>, <<"C38D0CA52EA80254936A32C45BB7EB414E7A96A521B4CE76D00A69753B157F21">>},
 {<<"idna">>, <<"D72B4EFFEB324AD5DA3CAB1767CB16B17939004E789D8C0AD5B70F3CEA20C89A">>},
 {<<"jsx">>, <<"A05252D381885240744D955FBE3CF810504EB2567164824E19303EA59EEF62CF">>},
 {<<"metrics">>, <<"25F094DEA2CDA98213CECC3AEFF09E940299D950904393B2A29D191C346A8486">>},
 {<<"mimerl">>, <<"993F9B0E084083405ED8252B99460C4F0563E41729AB42D9074FD5E52439BE88">>},
 {<<"ssl_verify_fun">>, <<"28A4D65B7F59893BC2C7DE786DEC1E1555BD742D336043FE644AE956C3497FBE">>},
 {<<"unicode_util_compat">>, <<"A1F612A7B512638634A603C8F401892AFBF99B8CE93A45041F8AACA99CADB85E">>},
 {<<"vsn">>, <<"AA6DD9BF4B643400C11E9BB7348A1E7CB722733B41EF07EE8B919A77B44971BB">>}]}
].
