{"1.1.0",
[{<<"bucs">>,{pkg,<<"bucs">>,<<"1.0.12">>},0},
 {<<"color">>,
  {git,"https://github.com/julianduque/erlang-color.git",
       {ref,"2e538a3360cfdf47906929a04b9471a1f5320afe"}},
  0},
 {<<"doteki">>,{pkg,<<"doteki">>,<<"1.0.6">>},0},
 {<<"ephemeral">>,{pkg,<<"ephemeral">>,<<"2.0.4">>},0},
 {<<"erlconf">>,
  {git,"https://github.com/emedia-project/erlconf.git",
       {ref,"fb636c482660d098cf351e25dd240b282af8291a"}},
  0},
 {<<"erlydtl">>,{pkg,<<"erlydtl">>,<<"0.12.1">>},0},
 {<<"getopt">>,{pkg,<<"getopt">>,<<"0.8.2">>},0},
 {<<"hackney">>,{pkg,<<"hackney">>,<<"0.13.1">>},0},
 {<<"idna">>,{pkg,<<"idna">>,<<"1.0.1">>},1},
 {<<"jsx">>,{pkg,<<"jsx">>,<<"1.4.5">>},0},
 {<<"sh">>,
  {git,"https://github.com/gleber/sh.git",
       {ref,"8387947617318f5b97c319eff9c2960939a91b5b"}},
  0},
 {<<"vsn">>,{pkg,<<"vsn">>,<<"1.1.0">>},0}]}.
[
{pkg_hash,[
 {<<"bucs">>, <<"61D5AAA41E501C5F1567BC9DBC477F2F140BFFC46ABC1C0E5A0BEC8C65EC1493">>},
 {<<"doteki">>, <<"A953213C8C34E5AF8DE22CB48779BB6390F0D352D43ECE3B75223BD941EC543B">>},
 {<<"ephemeral">>, <<"B3E57886ADD5D90C82FE3880F5954978222A122CB8BAA123667401BBAAEC51D6">>},
 {<<"erlydtl">>, <<"3FDE3190D30340B10CFCFDB4135A828761D468DB4E4B34817C6B91D295F3142D">>},
 {<<"getopt">>, <<"B17556DB683000BA50370B16C0619DF1337E7AF7ECBF7D64FBF8D1D6BCE3109B">>},
 {<<"hackney">>, <<"AC5A74C65D221CEA8944C0A50F01AD12DC40882635DAC0A5E96DE5C4416646B6">>},
 {<<"idna">>, <<"BFBF4AE0F4D346D46726D9D3084A84FFAEF5FD2A0299090DA07DCF65EA2088EB">>},
 {<<"jsx">>, <<"4FADDBE604AC330256D99936973E0C828DBBA1D7F27EA246C71879E447051F10">>},
 {<<"vsn">>, <<"AA6DD9BF4B643400C11E9BB7348A1E7CB722733B41EF07EE8B919A77B44971BB">>}]}
].
